
Microsoft Visual Studio Solution File, Format Version 12.00
# Visual Studio Version 17
VisualStudioVersion = 17.10.34916.146
MinimumVisualStudioVersion = 10.0.40219.1
Project("{FAE04EC0-301F-11D3-BF4B-00C04F79EFBC}") = "RpnInnovation.WebApi", "RpnInnovation.WebApi\RpnInnovation.WebApi.csproj", "{462368FE-CA91-4736-90A2-C49C5D80EB20}"
EndProject
Project("{FAE04EC0-301F-11D3-BF4B-00C04F79EFBC}") = "RpnInnovation.Application", "RpnInnovation.Application\RpnInnovation.Application.csproj", "{0D093CF8-0604-4DD0-90AC-90D89A6E8876}"
EndProject
Project("{FAE04EC0-301F-11D3-BF4B-00C04F79EFBC}") = "RpnInnovation.Infrastructure", "RpnInnovation.Infrastructure\RpnInnovation.Infrastructure.csproj", "{10F867E4-9F0C-472C-980F-7B0528F66BDA}"
EndProject
Project("{FAE04EC0-301F-11D3-BF4B-00C04F79EFBC}") = "RpnInnovation.Domain", "RpnInnovation.Domain\RpnInnovation.Domain.csproj", "{4787948F-2DC7-4D88-9AC7-88D6C977F187}"
EndProject
Project("{FAE04EC0-301F-11D3-BF4B-00C04F79EFBC}") = "RpnInnovation.Test", "RpnInnovation.Test\RpnInnovation.Test.csproj", "{19F43C6D-7FA3-4B84-9747-59134483C8CF}"
EndProject
Global
	GlobalSection(SolutionConfigurationPlatforms) = preSolution
		Debug|Any CPU = Debug|Any CPU
		Release|Any CPU = Release|Any CPU
	EndGlobalSection
	GlobalSection(ProjectConfigurationPlatforms) = postSolution
		{462368FE-CA91-4736-90A2-C49C5D80EB20}.Debug|Any CPU.ActiveCfg = Debug|Any CPU
		{462368FE-CA91-4736-90A2-C49C5D80EB20}.Debug|Any CPU.Build.0 = Debug|Any CPU
		{462368FE-CA91-4736-90A2-C49C5D80EB20}.Release|Any CPU.ActiveCfg = Release|Any CPU
		{462368FE-CA91-4736-90A2-C49C5D80EB20}.Release|Any CPU.Build.0 = Release|Any CPU
		{0D093CF8-0604-4DD0-90AC-90D89A6E8876}.Debug|Any CPU.ActiveCfg = Debug|Any CPU
		{0D093CF8-0604-4DD0-90AC-90D89A6E8876}.Debug|Any CPU.Build.0 = Debug|Any CPU
		{0D093CF8-0604-4DD0-90AC-90D89A6E8876}.Release|Any CPU.ActiveCfg = Release|Any CPU
		{0D093CF8-0604-4DD0-90AC-90D89A6E8876}.Release|Any CPU.Build.0 = Release|Any CPU
		{10F867E4-9F0C-472C-980F-7B0528F66BDA}.Debug|Any CPU.ActiveCfg = Debug|Any CPU
		{10F867E4-9F0C-472C-980F-7B0528F66BDA}.Debug|Any CPU.Build.0 = Debug|Any CPU
		{10F867E4-9F0C-472C-980F-7B0528F66BDA}.Release|Any CPU.ActiveCfg = Release|Any CPU
		{10F867E4-9F0C-472C-980F-7B0528F66BDA}.Release|Any CPU.Build.0 = Release|Any CPU
		{4787948F-2DC7-4D88-9AC7-88D6C977F187}.Debug|Any CPU.ActiveCfg = Debug|Any CPU
		{4787948F-2DC7-4D88-9AC7-88D6C977F187}.Debug|Any CPU.Build.0 = Debug|Any CPU
		{4787948F-2DC7-4D88-9AC7-88D6C977F187}.Release|Any CPU.ActiveCfg = Release|Any CPU
		{4787948F-2DC7-4D88-9AC7-88D6C977F187}.Release|Any CPU.Build.0 = Release|Any CPU
		{19F43C6D-7FA3-4B84-9747-59134483C8CF}.Debug|Any CPU.ActiveCfg = Debug|Any CPU
		{19F43C6D-7FA3-4B84-9747-59134483C8CF}.Debug|Any CPU.Build.0 = Debug|Any CPU
		{19F43C6D-7FA3-4B84-9747-59134483C8CF}.Release|Any CPU.ActiveCfg = Release|Any CPU
		{19F43C6D-7FA3-4B84-9747-59134483C8CF}.Release|Any CPU.Build.0 = Release|Any CPU
	EndGlobalSection
	GlobalSection(SolutionProperties) = preSolution
		HideSolutionNode = FALSE
	EndGlobalSection
	GlobalSection(ExtensibilityGlobals) = postSolution
		SolutionGuid = {38316243-FE4C-4FFB-9080-83588804C0D5}
	EndGlobalSection
EndGlobal
